
Microsoft Visual Studio Solution File, Format Version 12.00
# Visual Studio Version 17
VisualStudioVersion = 17.5.33530.505
MinimumVisualStudioVersion = 10.0.40219.1
Project("{9A19103F-16F7-4668-BE54-9A1E7A4F7556}") = "EntityFX.IotSimulator.Common", "EntityFX.IotSimulator.Common\EntityFX.IotSimulator.Common.csproj", "{49CA95FD-20EC-4B8E-A1E9-FBA59716234A}"
EndProject
Project("{9A19103F-16F7-4668-BE54-9A1E7A4F7556}") = "EntityFX.IotSimulator.Engine", "EntityFX.IotSimulator.Engine\EntityFX.IotSimulator.Engine.csproj", "{C4156367-A060-4C98-ACF8-5236A3C5E814}"
EndProject
Project("{9A19103F-16F7-4668-BE54-9A1E7A4F7556}") = "EntityFX.IotSimulator.Host", "EntityFX.IotSimulator.Host\EntityFX.IotSimulator.Host.csproj", "{EB22EB2E-C848-45DA-B1E8-AA35A29831C2}"
EndProject
Project("{9A19103F-16F7-4668-BE54-9A1E7A4F7556}") = "EntityFX.IotSimulator.WebSocketServer", "EntityFX.IotSimulator.WebSocketServer\EntityFX.IotSimulator.WebSocketServer.csproj", "{81343FB4-C080-4B20-BD0F-C308F189AC7A}"
EndProject
Project("{9A19103F-16F7-4668-BE54-9A1E7A4F7556}") = "EntityFX.IotSimulator.Stress", "EntityFX.IotSimulator.Stress\EntityFX.IotSimulator.Stress.csproj", "{B74FC370-72EC-411A-A0B7-0ED8A7A60146}"
EndProject
Project("{FAE04EC0-301F-11D3-BF4B-00C04F79EFBC}") = "EntityFX.MqttBenchmark", "EntityFX.MqttBenchmark\EntityFX.MqttBenchmark.csproj", "{D12569BB-F644-4E81-8545-F2B293C94EF1}"
EndProject
Global
	GlobalSection(SolutionConfigurationPlatforms) = preSolution
		Debug|Any CPU = Debug|Any CPU
		Release|Any CPU = Release|Any CPU
	EndGlobalSection
	GlobalSection(ProjectConfigurationPlatforms) = postSolution
		{49CA95FD-20EC-4B8E-A1E9-FBA59716234A}.Debug|Any CPU.ActiveCfg = Debug|Any CPU
		{49CA95FD-20EC-4B8E-A1E9-FBA59716234A}.Debug|Any CPU.Build.0 = Debug|Any CPU
		{49CA95FD-20EC-4B8E-A1E9-FBA59716234A}.Release|Any CPU.ActiveCfg = Release|Any CPU
		{49CA95FD-20EC-4B8E-A1E9-FBA59716234A}.Release|Any CPU.Build.0 = Release|Any CPU
		{C4156367-A060-4C98-ACF8-5236A3C5E814}.Debug|Any CPU.ActiveCfg = Debug|Any CPU
		{C4156367-A060-4C98-ACF8-5236A3C5E814}.Debug|Any CPU.Build.0 = Debug|Any CPU
		{C4156367-A060-4C98-ACF8-5236A3C5E814}.Release|Any CPU.ActiveCfg = Release|Any CPU
		{C4156367-A060-4C98-ACF8-5236A3C5E814}.Release|Any CPU.Build.0 = Release|Any CPU
		{EB22EB2E-C848-45DA-B1E8-AA35A29831C2}.Debug|Any CPU.ActiveCfg = Debug|Any CPU
		{EB22EB2E-C848-45DA-B1E8-AA35A29831C2}.Debug|Any CPU.Build.0 = Debug|Any CPU
		{EB22EB2E-C848-45DA-B1E8-AA35A29831C2}.Release|Any CPU.ActiveCfg = Release|Any CPU
		{EB22EB2E-C848-45DA-B1E8-AA35A29831C2}.Release|Any CPU.Build.0 = Release|Any CPU
		{81343FB4-C080-4B20-BD0F-C308F189AC7A}.Debug|Any CPU.ActiveCfg = Debug|Any CPU
		{81343FB4-C080-4B20-BD0F-C308F189AC7A}.Debug|Any CPU.Build.0 = Debug|Any CPU
		{81343FB4-C080-4B20-BD0F-C308F189AC7A}.Release|Any CPU.ActiveCfg = Release|Any CPU
		{81343FB4-C080-4B20-BD0F-C308F189AC7A}.Release|Any CPU.Build.0 = Release|Any CPU
		{B74FC370-72EC-411A-A0B7-0ED8A7A60146}.Debug|Any CPU.ActiveCfg = Debug|Any CPU
		{B74FC370-72EC-411A-A0B7-0ED8A7A60146}.Debug|Any CPU.Build.0 = Debug|Any CPU
		{B74FC370-72EC-411A-A0B7-0ED8A7A60146}.Release|Any CPU.ActiveCfg = Release|Any CPU
		{B74FC370-72EC-411A-A0B7-0ED8A7A60146}.Release|Any CPU.Build.0 = Release|Any CPU
		{D12569BB-F644-4E81-8545-F2B293C94EF1}.Debug|Any CPU.ActiveCfg = Debug|Any CPU
		{D12569BB-F644-4E81-8545-F2B293C94EF1}.Debug|Any CPU.Build.0 = Debug|Any CPU
		{D12569BB-F644-4E81-8545-F2B293C94EF1}.Release|Any CPU.ActiveCfg = Release|Any CPU
		{D12569BB-F644-4E81-8545-F2B293C94EF1}.Release|Any CPU.Build.0 = Release|Any CPU
	EndGlobalSection
	GlobalSection(SolutionProperties) = preSolution
		HideSolutionNode = FALSE
	EndGlobalSection
	GlobalSection(ExtensibilityGlobals) = postSolution
		SolutionGuid = {D2E365D3-F724-4EAF-86F7-033E7D139D5C}
	EndGlobalSection
EndGlobal
